
Microsoft Visual Studio Solution File, Format Version 12.00
# Visual Studio Version 17
VisualStudioVersion = 17.11.35327.3
MinimumVisualStudioVersion = 10.0.40219.1
Project("{9A19103F-16F7-4668-BE54-9A1E7A4F7556}") = "AspNetCoreApiMongoDBMediatR", "AspNetCoreApiMongoDBMediatR.csproj", "{ABF479CF-F7B8-460A-B15E-79D19794C7E3}"
EndProject
Project("{FAE04EC0-301F-11D3-BF4B-00C04F79EFBC}") = "AspNetCoreApiMongoDBMeditatRTest", "..\AspNetCoreApiMongoDBMeditatRTest\AspNetCoreApiMongoDBMeditatRTest.csproj", "{603578E4-D96A-4D92-BC68-87A16BACBAEB}"
EndProject
Global
	GlobalSection(SolutionConfigurationPlatforms) = preSolution
		Debug|Any CPU = Debug|Any CPU
		Release|Any CPU = Release|Any CPU
	EndGlobalSection
	GlobalSection(ProjectConfigurationPlatforms) = postSolution
		{ABF479CF-F7B8-460A-B15E-79D19794C7E3}.Debug|Any CPU.ActiveCfg = Debug|Any CPU
		{ABF479CF-F7B8-460A-B15E-79D19794C7E3}.Debug|Any CPU.Build.0 = Debug|Any CPU
		{ABF479CF-F7B8-460A-B15E-79D19794C7E3}.Release|Any CPU.ActiveCfg = Release|Any CPU
		{ABF479CF-F7B8-460A-B15E-79D19794C7E3}.Release|Any CPU.Build.0 = Release|Any CPU
		{603578E4-D96A-4D92-BC68-87A16BACBAEB}.Debug|Any CPU.ActiveCfg = Debug|Any CPU
		{603578E4-D96A-4D92-BC68-87A16BACBAEB}.Debug|Any CPU.Build.0 = Debug|Any CPU
		{603578E4-D96A-4D92-BC68-87A16BACBAEB}.Release|Any CPU.ActiveCfg = Release|Any CPU
		{603578E4-D96A-4D92-BC68-87A16BACBAEB}.Release|Any CPU.Build.0 = Release|Any CPU
	EndGlobalSection
	GlobalSection(SolutionProperties) = preSolution
		HideSolutionNode = FALSE
	EndGlobalSection
	GlobalSection(ExtensibilityGlobals) = postSolution
		SolutionGuid = {107F2A75-52FD-4CE3-BA33-85A8DD33E782}
	EndGlobalSection
EndGlobal
